// !$*UTF8*$!
{
	archiveVersion = 1;
	classes = {
	};
	objectVersion = 56;
	objects = {

/* Begin PBXBuildFile section */
		8B21AB822B27925B003E4671 /* ContentViewModel.swift in Sources */ = {isa = PBXBuildFile; fileRef = 8B21AB812B27925B003E4671 /* ContentViewModel.swift */; };
		8B21AB852B2797A7003E4671 /* LoginViewModel.swift in Sources */ = {isa = PBXBuildFile; fileRef = 8B21AB842B2797A7003E4671 /* LoginViewModel.swift */; };
		8B21AB872B279E52003E4671 /* User.swift in Sources */ = {isa = PBXBuildFile; fileRef = 8B21AB862B279E52003E4671 /* User.swift */; };
		8B21AB892B27A13D003E4671 /* UserService.swift in Sources */ = {isa = PBXBuildFile; fileRef = 8B21AB882B27A13D003E4671 /* UserService.swift */; };
		8B21AB8C2B27A25C003E4671 /* ProfileViewModel.swift in Sources */ = {isa = PBXBuildFile; fileRef = 8B21AB8B2B27A25C003E4671 /* ProfileViewModel.swift */; };
		8B50C2B32B1919EC00E5AD98 /* NpuaTutorialApp.swift in Sources */ = {isa = PBXBuildFile; fileRef = 8B50C2B22B1919EC00E5AD98 /* NpuaTutorialApp.swift */; };
		8B50C2B52B1919EC00E5AD98 /* ContentView.swift in Sources */ = {isa = PBXBuildFile; fileRef = 8B50C2B42B1919EC00E5AD98 /* ContentView.swift */; };
		8B50C2B72B1919ED00E5AD98 /* Assets.xcassets in Resources */ = {isa = PBXBuildFile; fileRef = 8B50C2B62B1919ED00E5AD98 /* Assets.xcassets */; };
		8B50C2BA2B1919ED00E5AD98 /* Preview Assets.xcassets in Resources */ = {isa = PBXBuildFile; fileRef = 8B50C2B92B1919ED00E5AD98 /* Preview Assets.xcassets */; };
		8B50C2D12B191B1E00E5AD98 /* LoginView.swift in Sources */ = {isa = PBXBuildFile; fileRef = 8B50C2D02B191B1E00E5AD98 /* LoginView.swift */; };
		8B50C2D32B19201E00E5AD98 /* RegistrationView .swift in Sources */ = {isa = PBXBuildFile; fileRef = 8B50C2D22B19201E00E5AD98 /* RegistrationView .swift */; };
		8B50C2D62B19226700E5AD98 /* TextFieldsModifier.swift in Sources */ = {isa = PBXBuildFile; fileRef = 8B50C2D52B19226700E5AD98 /* TextFieldsModifier.swift */; };
		8B50C2D92B1927B600E5AD98 /* NpuaTabView.swift in Sources */ = {isa = PBXBuildFile; fileRef = 8B50C2D82B1927B600E5AD98 /* NpuaTabView.swift */; };
		8B50C2DD2B1A54E500E5AD98 /* FeedView.swift in Sources */ = {isa = PBXBuildFile; fileRef = 8B50C2DC2B1A54E500E5AD98 /* FeedView.swift */; };
		8B50C2E12B1A553B00E5AD98 /* ExploreView.swift in Sources */ = {isa = PBXBuildFile; fileRef = 8B50C2E02B1A553B00E5AD98 /* ExploreView.swift */; };
		8B50C2E52B1A55AD00E5AD98 /* CreateThreadView.swift in Sources */ = {isa = PBXBuildFile; fileRef = 8B50C2E42B1A55AD00E5AD98 /* CreateThreadView.swift */; };
		8B50C2E92B1A55F300E5AD98 /* ActivityView.swift in Sources */ = {isa = PBXBuildFile; fileRef = 8B50C2E82B1A55F300E5AD98 /* ActivityView.swift */; };
		8B50C2ED2B1A561A00E5AD98 /* ProfileView.swift in Sources */ = {isa = PBXBuildFile; fileRef = 8B50C2EC2B1A561A00E5AD98 /* ProfileView.swift */; };
		8B50C2EF2B1A58B500E5AD98 /* ThreadCell.swift in Sources */ = {isa = PBXBuildFile; fileRef = 8B50C2EE2B1A58B500E5AD98 /* ThreadCell.swift */; };
		8B6F613F2B22658D00E7F268 /* EditProfileView.swift in Sources */ = {isa = PBXBuildFile; fileRef = 8B6F613E2B22658D00E7F268 /* EditProfileView.swift */; };
		8B6F61412B226F1200E7F268 /* GoogleService-Info.plist in Resources */ = {isa = PBXBuildFile; fileRef = 8B6F61402B226F1200E7F268 /* GoogleService-Info.plist */; };
		8B6F61442B226FE300E7F268 /* FirebaseAnalytics in Frameworks */ = {isa = PBXBuildFile; productRef = 8B6F61432B226FE300E7F268 /* FirebaseAnalytics */; };
		8B6F61462B226FE300E7F268 /* FirebaseAnalyticsOnDeviceConversion in Frameworks */ = {isa = PBXBuildFile; productRef = 8B6F61452B226FE300E7F268 /* FirebaseAnalyticsOnDeviceConversion */; };
		8B6F61482B226FE300E7F268 /* FirebaseAnalyticsSwift in Frameworks */ = {isa = PBXBuildFile; productRef = 8B6F61472B226FE300E7F268 /* FirebaseAnalyticsSwift */; };
		8B6F614A2B226FE300E7F268 /* FirebaseAnalyticsWithoutAdIdSupport in Frameworks */ = {isa = PBXBuildFile; productRef = 8B6F61492B226FE300E7F268 /* FirebaseAnalyticsWithoutAdIdSupport */; };
		8B6F614C2B226FE300E7F268 /* FirebaseAppCheck in Frameworks */ = {isa = PBXBuildFile; productRef = 8B6F614B2B226FE300E7F268 /* FirebaseAppCheck */; };
		8B6F614E2B226FE300E7F268 /* FirebaseAppDistribution-Beta in Frameworks */ = {isa = PBXBuildFile; productRef = 8B6F614D2B226FE300E7F268 /* FirebaseAppDistribution-Beta */; };
		8B6F61502B226FE300E7F268 /* FirebaseAuth in Frameworks */ = {isa = PBXBuildFile; productRef = 8B6F614F2B226FE300E7F268 /* FirebaseAuth */; };
		8B6F61522B226FE300E7F268 /* FirebaseAuthCombine-Community in Frameworks */ = {isa = PBXBuildFile; productRef = 8B6F61512B226FE300E7F268 /* FirebaseAuthCombine-Community */; };
		8B6F61542B226FE300E7F268 /* FirebaseCrashlytics in Frameworks */ = {isa = PBXBuildFile; productRef = 8B6F61532B226FE300E7F268 /* FirebaseCrashlytics */; };
		8B6F61562B226FE300E7F268 /* FirebaseDatabase in Frameworks */ = {isa = PBXBuildFile; productRef = 8B6F61552B226FE300E7F268 /* FirebaseDatabase */; };
		8B6F61582B226FE300E7F268 /* FirebaseDatabaseSwift in Frameworks */ = {isa = PBXBuildFile; productRef = 8B6F61572B226FE300E7F268 /* FirebaseDatabaseSwift */; };
		8B6F615A2B226FE300E7F268 /* FirebaseDynamicLinks in Frameworks */ = {isa = PBXBuildFile; productRef = 8B6F61592B226FE300E7F268 /* FirebaseDynamicLinks */; };
		8B6F615C2B226FE300E7F268 /* FirebaseFirestore in Frameworks */ = {isa = PBXBuildFile; productRef = 8B6F615B2B226FE300E7F268 /* FirebaseFirestore */; };
		8B6F615E2B226FE300E7F268 /* FirebaseFirestoreCombine-Community in Frameworks */ = {isa = PBXBuildFile; productRef = 8B6F615D2B226FE300E7F268 /* FirebaseFirestoreCombine-Community */; };
		8B6F61602B226FE300E7F268 /* FirebaseFirestoreSwift in Frameworks */ = {isa = PBXBuildFile; productRef = 8B6F615F2B226FE300E7F268 /* FirebaseFirestoreSwift */; };
		8B6F61622B226FE300E7F268 /* FirebaseFunctions in Frameworks */ = {isa = PBXBuildFile; productRef = 8B6F61612B226FE300E7F268 /* FirebaseFunctions */; };
		8B6F61642B226FE300E7F268 /* FirebaseFunctionsCombine-Community in Frameworks */ = {isa = PBXBuildFile; productRef = 8B6F61632B226FE300E7F268 /* FirebaseFunctionsCombine-Community */; };
		8B6F61662B226FE300E7F268 /* FirebaseInAppMessaging-Beta in Frameworks */ = {isa = PBXBuildFile; productRef = 8B6F61652B226FE300E7F268 /* FirebaseInAppMessaging-Beta */; };
		8B6F61682B226FE300E7F268 /* FirebaseInAppMessagingSwift-Beta in Frameworks */ = {isa = PBXBuildFile; productRef = 8B6F61672B226FE300E7F268 /* FirebaseInAppMessagingSwift-Beta */; };
		8B6F616A2B226FE300E7F268 /* FirebaseInstallations in Frameworks */ = {isa = PBXBuildFile; productRef = 8B6F61692B226FE300E7F268 /* FirebaseInstallations */; };
		8B6F616C2B226FE300E7F268 /* FirebaseMLModelDownloader in Frameworks */ = {isa = PBXBuildFile; productRef = 8B6F616B2B226FE300E7F268 /* FirebaseMLModelDownloader */; };
		8B6F616E2B226FE300E7F268 /* FirebaseMessaging in Frameworks */ = {isa = PBXBuildFile; productRef = 8B6F616D2B226FE300E7F268 /* FirebaseMessaging */; };
		8B6F61702B226FE300E7F268 /* FirebasePerformance in Frameworks */ = {isa = PBXBuildFile; productRef = 8B6F616F2B226FE300E7F268 /* FirebasePerformance */; };
		8B6F61722B226FE300E7F268 /* FirebaseRemoteConfig in Frameworks */ = {isa = PBXBuildFile; productRef = 8B6F61712B226FE300E7F268 /* FirebaseRemoteConfig */; };
		8B6F61742B226FE300E7F268 /* FirebaseRemoteConfigSwift in Frameworks */ = {isa = PBXBuildFile; productRef = 8B6F61732B226FE300E7F268 /* FirebaseRemoteConfigSwift */; };
		8B6F61762B226FE300E7F268 /* FirebaseStorage in Frameworks */ = {isa = PBXBuildFile; productRef = 8B6F61752B226FE300E7F268 /* FirebaseStorage */; };
		8B6F61782B226FE300E7F268 /* FirebaseStorageCombine-Community in Frameworks */ = {isa = PBXBuildFile; productRef = 8B6F61772B226FE300E7F268 /* FirebaseStorageCombine-Community */; };
		8B6F617C2B236B2A00E7F268 /* RegistrationViewModel.swift in Sources */ = {isa = PBXBuildFile; fileRef = 8B6F617B2B236B2A00E7F268 /* RegistrationViewModel.swift */; };
		8B6F617E2B236D9800E7F268 /* AuthService.swift in Sources */ = {isa = PBXBuildFile; fileRef = 8B6F617D2B236D9800E7F268 /* AuthService.swift */; };
		8B6F61802B23772200E7F268 /* FirebaseAnalytics in Frameworks */ = {isa = PBXBuildFile; productRef = 8B6F617F2B23772200E7F268 /* FirebaseAnalytics */; };
		8B6F61822B23772200E7F268 /* FirebaseAnalyticsOnDeviceConversion in Frameworks */ = {isa = PBXBuildFile; productRef = 8B6F61812B23772200E7F268 /* FirebaseAnalyticsOnDeviceConversion */; };
		8B6F61842B23772200E7F268 /* FirebaseAnalyticsSwift in Frameworks */ = {isa = PBXBuildFile; productRef = 8B6F61832B23772200E7F268 /* FirebaseAnalyticsSwift */; };
		8B6F61862B23772200E7F268 /* FirebaseAnalyticsWithoutAdIdSupport in Frameworks */ = {isa = PBXBuildFile; productRef = 8B6F61852B23772200E7F268 /* FirebaseAnalyticsWithoutAdIdSupport */; };
		8B6F61882B23772200E7F268 /* FirebaseAppCheck in Frameworks */ = {isa = PBXBuildFile; productRef = 8B6F61872B23772200E7F268 /* FirebaseAppCheck */; };
		8BE5603C2B210C4B00B28B9A /* CircularProfileImageView.swift in Sources */ = {isa = PBXBuildFile; fileRef = 8BE5603B2B210C4B00B28B9A /* CircularProfileImageView.swift */; };
		8BE5603E2B210CE300B28B9A /* UserCell.swift in Sources */ = {isa = PBXBuildFile; fileRef = 8BE5603D2B210CE300B28B9A /* UserCell.swift */; };
		8BE560412B21116A00B28B9A /* ProfileThreadFilter.swift in Sources */ = {isa = PBXBuildFile; fileRef = 8BE560402B21116A00B28B9A /* ProfileThreadFilter.swift */; };
/* End PBXBuildFile section */

/* Begin PBXFileReference section */
		8B21AB812B27925B003E4671 /* ContentViewModel.swift */ = {isa = PBXFileReference; lastKnownFileType = sourcecode.swift; path = ContentViewModel.swift; sourceTree = "<group>"; };
		8B21AB842B2797A7003E4671 /* LoginViewModel.swift */ = {isa = PBXFileReference; lastKnownFileType = sourcecode.swift; path = LoginViewModel.swift; sourceTree = "<group>"; };
		8B21AB862B279E52003E4671 /* User.swift */ = {isa = PBXFileReference; lastKnownFileType = sourcecode.swift; path = User.swift; sourceTree = "<group>"; };
		8B21AB882B27A13D003E4671 /* UserService.swift */ = {isa = PBXFileReference; lastKnownFileType = sourcecode.swift; path = UserService.swift; sourceTree = "<group>"; };
		8B21AB8B2B27A25C003E4671 /* ProfileViewModel.swift */ = {isa = PBXFileReference; lastKnownFileType = sourcecode.swift; path = ProfileViewModel.swift; sourceTree = "<group>"; };
		8B50C2AF2B1919EC00E5AD98 /* NpuaTutorial.app */ = {isa = PBXFileReference; explicitFileType = wrapper.application; includeInIndex = 0; path = NpuaTutorial.app; sourceTree = BUILT_PRODUCTS_DIR; };
		8B50C2B22B1919EC00E5AD98 /* NpuaTutorialApp.swift */ = {isa = PBXFileReference; lastKnownFileType = sourcecode.swift; path = NpuaTutorialApp.swift; sourceTree = "<group>"; };
		8B50C2B42B1919EC00E5AD98 /* ContentView.swift */ = {isa = PBXFileReference; lastKnownFileType = sourcecode.swift; path = ContentView.swift; sourceTree = "<group>"; };
		8B50C2B62B1919ED00E5AD98 /* Assets.xcassets */ = {isa = PBXFileReference; lastKnownFileType = folder.assetcatalog; path = Assets.xcassets; sourceTree = "<group>"; };
		8B50C2B92B1919ED00E5AD98 /* Preview Assets.xcassets */ = {isa = PBXFileReference; lastKnownFileType = folder.assetcatalog; path = "Preview Assets.xcassets"; sourceTree = "<group>"; };
		8B50C2D02B191B1E00E5AD98 /* LoginView.swift */ = {isa = PBXFileReference; lastKnownFileType = sourcecode.swift; path = LoginView.swift; sourceTree = "<group>"; };
		8B50C2D22B19201E00E5AD98 /* RegistrationView .swift */ = {isa = PBXFileReference; lastKnownFileType = sourcecode.swift; path = "RegistrationView .swift"; sourceTree = "<group>"; };
		8B50C2D52B19226700E5AD98 /* TextFieldsModifier.swift */ = {isa = PBXFileReference; lastKnownFileType = sourcecode.swift; path = TextFieldsModifier.swift; sourceTree = "<group>"; };
		8B50C2D82B1927B600E5AD98 /* NpuaTabView.swift */ = {isa = PBXFileReference; lastKnownFileType = sourcecode.swift; path = NpuaTabView.swift; sourceTree = "<group>"; };
		8B50C2DC2B1A54E500E5AD98 /* FeedView.swift */ = {isa = PBXFileReference; lastKnownFileType = sourcecode.swift; path = FeedView.swift; sourceTree = "<group>"; };
		8B50C2E02B1A553B00E5AD98 /* ExploreView.swift */ = {isa = PBXFileReference; lastKnownFileType = sourcecode.swift; path = ExploreView.swift; sourceTree = "<group>"; };
		8B50C2E42B1A55AD00E5AD98 /* CreateThreadView.swift */ = {isa = PBXFileReference; lastKnownFileType = sourcecode.swift; path = CreateThreadView.swift; sourceTree = "<group>"; };
		8B50C2E82B1A55F300E5AD98 /* ActivityView.swift */ = {isa = PBXFileReference; lastKnownFileType = sourcecode.swift; path = ActivityView.swift; sourceTree = "<group>"; };
		8B50C2EC2B1A561A00E5AD98 /* ProfileView.swift */ = {isa = PBXFileReference; lastKnownFileType = sourcecode.swift; path = ProfileView.swift; sourceTree = "<group>"; };
		8B50C2EE2B1A58B500E5AD98 /* ThreadCell.swift */ = {isa = PBXFileReference; lastKnownFileType = sourcecode.swift; path = ThreadCell.swift; sourceTree = "<group>"; };
		8B6F613E2B22658D00E7F268 /* EditProfileView.swift */ = {isa = PBXFileReference; lastKnownFileType = sourcecode.swift; path = EditProfileView.swift; sourceTree = "<group>"; };
		8B6F61402B226F1200E7F268 /* GoogleService-Info.plist */ = {isa = PBXFileReference; fileEncoding = 4; lastKnownFileType = text.plist.xml; path = "GoogleService-Info.plist"; sourceTree = "<group>"; };
		8B6F617B2B236B2A00E7F268 /* RegistrationViewModel.swift */ = {isa = PBXFileReference; lastKnownFileType = sourcecode.swift; path = RegistrationViewModel.swift; sourceTree = "<group>"; };
		8B6F617D2B236D9800E7F268 /* AuthService.swift */ = {isa = PBXFileReference; lastKnownFileType = sourcecode.swift; path = AuthService.swift; sourceTree = "<group>"; };
		8BE5603B2B210C4B00B28B9A /* CircularProfileImageView.swift */ = {isa = PBXFileReference; lastKnownFileType = sourcecode.swift; path = CircularProfileImageView.swift; sourceTree = "<group>"; };
		8BE5603D2B210CE300B28B9A /* UserCell.swift */ = {isa = PBXFileReference; lastKnownFileType = sourcecode.swift; path = UserCell.swift; sourceTree = "<group>"; };
		8BE560402B21116A00B28B9A /* ProfileThreadFilter.swift */ = {isa = PBXFileReference; lastKnownFileType = sourcecode.swift; path = ProfileThreadFilter.swift; sourceTree = "<group>"; };
/* End PBXFileReference section */

/* Begin PBXFrameworksBuildPhase section */
		8B50C2AC2B1919EC00E5AD98 /* Frameworks */ = {
			isa = PBXFrameworksBuildPhase;
			buildActionMask = 2147483647;
			files = (
				8B6F61562B226FE300E7F268 /* FirebaseDatabase in Frameworks */,
				8B6F61642B226FE300E7F268 /* FirebaseFunctionsCombine-Community in Frameworks */,
				8B6F615C2B226FE300E7F268 /* FirebaseFirestore in Frameworks */,
				8B6F61482B226FE300E7F268 /* FirebaseAnalyticsSwift in Frameworks */,
				8B6F61442B226FE300E7F268 /* FirebaseAnalytics in Frameworks */,
				8B6F61462B226FE300E7F268 /* FirebaseAnalyticsOnDeviceConversion in Frameworks */,
				8B6F616C2B226FE300E7F268 /* FirebaseMLModelDownloader in Frameworks */,
				8B6F61602B226FE300E7F268 /* FirebaseFirestoreSwift in Frameworks */,
				8B6F614C2B226FE300E7F268 /* FirebaseAppCheck in Frameworks */,
				8B6F614A2B226FE300E7F268 /* FirebaseAnalyticsWithoutAdIdSupport in Frameworks */,
				8B6F61502B226FE300E7F268 /* FirebaseAuth in Frameworks */,
				8B6F61542B226FE300E7F268 /* FirebaseCrashlytics in Frameworks */,
				8B6F61742B226FE300E7F268 /* FirebaseRemoteConfigSwift in Frameworks */,
				8B6F61822B23772200E7F268 /* FirebaseAnalyticsOnDeviceConversion in Frameworks */,
				8B6F61662B226FE300E7F268 /* FirebaseInAppMessaging-Beta in Frameworks */,
				8B6F61802B23772200E7F268 /* FirebaseAnalytics in Frameworks */,
				8B6F61882B23772200E7F268 /* FirebaseAppCheck in Frameworks */,
				8B6F61862B23772200E7F268 /* FirebaseAnalyticsWithoutAdIdSupport in Frameworks */,
				8B6F61582B226FE300E7F268 /* FirebaseDatabaseSwift in Frameworks */,
				8B6F61622B226FE300E7F268 /* FirebaseFunctions in Frameworks */,
				8B6F61782B226FE300E7F268 /* FirebaseStorageCombine-Community in Frameworks */,
				8B6F61722B226FE300E7F268 /* FirebaseRemoteConfig in Frameworks */,
				8B6F614E2B226FE300E7F268 /* FirebaseAppDistribution-Beta in Frameworks */,
				8B6F61522B226FE300E7F268 /* FirebaseAuthCombine-Community in Frameworks */,
				8B6F61702B226FE300E7F268 /* FirebasePerformance in Frameworks */,
				8B6F61682B226FE300E7F268 /* FirebaseInAppMessagingSwift-Beta in Frameworks */,
				8B6F61842B23772200E7F268 /* FirebaseAnalyticsSwift in Frameworks */,
				8B6F61762B226FE300E7F268 /* FirebaseStorage in Frameworks */,
				8B6F615A2B226FE300E7F268 /* FirebaseDynamicLinks in Frameworks */,
				8B6F615E2B226FE300E7F268 /* FirebaseFirestoreCombine-Community in Frameworks */,
				8B6F616E2B226FE300E7F268 /* FirebaseMessaging in Frameworks */,
				8B6F616A2B226FE300E7F268 /* FirebaseInstallations in Frameworks */,
			);
			runOnlyForDeploymentPostprocessing = 0;
		};
/* End PBXFrameworksBuildPhase section */

/* Begin PBXGroup section */
		8B21AB7F2B279221003E4671 /* View */ = {
			isa = PBXGroup;
			children = (
				8B50C2B42B1919EC00E5AD98 /* ContentView.swift */,
			);
			path = View;
			sourceTree = "<group>";
		};
		8B21AB802B279223003E4671 /* ViewModel */ = {
			isa = PBXGroup;
			children = (
				8B21AB812B27925B003E4671 /* ContentViewModel.swift */,
			);
			path = ViewModel;
			sourceTree = "<group>";
		};
		8B21AB8A2B27A250003E4671 /* ViewModel */ = {
			isa = PBXGroup;
			children = (
				8B21AB8B2B27A25C003E4671 /* ProfileViewModel.swift */,
			);
			path = ViewModel;
			sourceTree = "<group>";
		};
		8B50C2A62B1919EC00E5AD98 = {
			isa = PBXGroup;
			children = (
				8B50C2B12B1919EC00E5AD98 /* NpuaTutorial */,
				8B50C2B02B1919EC00E5AD98 /* Products */,
			);
			sourceTree = "<group>";
		};
		8B50C2B02B1919EC00E5AD98 /* Products */ = {
			isa = PBXGroup;
			children = (
				8B50C2AF2B1919EC00E5AD98 /* NpuaTutorial.app */,
			);
			name = Products;
			sourceTree = "<group>";
		};
		8B50C2B12B1919EC00E5AD98 /* NpuaTutorial */ = {
			isa = PBXGroup;
			children = (
				8B50C2C72B191A6800E5AD98 /* App */,
				8B50C2C82B191A6E00E5AD98 /* Core */,
				8B50C2C92B191A8100E5AD98 /* Extensions */,
				8B50C2CA2B191A8F00E5AD98 /* Model */,
				8B50C2CB2B191A9C00E5AD98 /* Services */,
				8B50C2CC2B191AA900E5AD98 /* Utils */,
				8B6F61402B226F1200E7F268 /* GoogleService-Info.plist */,
				8B50C2B62B1919ED00E5AD98 /* Assets.xcassets */,
				8B50C2B82B1919ED00E5AD98 /* Preview Content */,
			);
			path = NpuaTutorial;
			sourceTree = "<group>";
		};
		8B50C2B82B1919ED00E5AD98 /* Preview Content */ = {
			isa = PBXGroup;
			children = (
				8B50C2B92B1919ED00E5AD98 /* Preview Assets.xcassets */,
			);
			path = "Preview Content";
			sourceTree = "<group>";
		};
		8B50C2C72B191A6800E5AD98 /* App */ = {
			isa = PBXGroup;
			children = (
				8B50C2B22B1919EC00E5AD98 /* NpuaTutorialApp.swift */,
			);
			path = App;
			sourceTree = "<group>";
		};
		8B50C2C82B191A6E00E5AD98 /* Core */ = {
			isa = PBXGroup;
			children = (
				8BE5603A2B210C1F00B28B9A /* Components */,
				8B50C2E62B1A55E900E5AD98 /* Activity */,
				8B50C2CD2B191AC300E5AD98 /* Authentication */,
				8B50C2DE2B1A551E00E5AD98 /* Explore */,
				8B50C2DA2B1A54D100E5AD98 /* Feed */,
				8B50C2EA2B1A561200E5AD98 /* Profile */,
				8B50C2CE2B191AEF00E5AD98 /* Root */,
				8B50C2D72B19278800E5AD98 /* TabBar */,
				8B50C2E22B1A556F00E5AD98 /* ThreadCreation */,
			);
			path = Core;
			sourceTree = "<group>";
		};
		8B50C2C92B191A8100E5AD98 /* Extensions */ = {
			isa = PBXGroup;
			children = (
			);
			path = Extensions;
			sourceTree = "<group>";
		};
		8B50C2CA2B191A8F00E5AD98 /* Model */ = {
			isa = PBXGroup;
			children = (
				8B21AB862B279E52003E4671 /* User.swift */,
			);
			path = Model;
			sourceTree = "<group>";
		};
		8B50C2CB2B191A9C00E5AD98 /* Services */ = {
			isa = PBXGroup;
			children = (
				8B21AB882B27A13D003E4671 /* UserService.swift */,
			);
			path = Services;
			sourceTree = "<group>";
		};
		8B50C2CC2B191AA900E5AD98 /* Utils */ = {
			isa = PBXGroup;
			children = (
				8B50C2D42B1921E300E5AD98 /* ViewModifiers */,
			);
			path = Utils;
			sourceTree = "<group>";
		};
		8B50C2CD2B191AC300E5AD98 /* Authentication */ = {
			isa = PBXGroup;
			children = (
				8B6F617A2B236AD200E7F268 /* Service */,
				8B50C2CF2B191B1000E5AD98 /* Views */,
				8B6F61792B236AC500E7F268 /* ViewModel */,
			);
			path = Authentication;
			sourceTree = "<group>";
		};
		8B50C2CE2B191AEF00E5AD98 /* Root */ = {
			isa = PBXGroup;
			children = (
				8B21AB7F2B279221003E4671 /* View */,
				8B21AB802B279223003E4671 /* ViewModel */,
			);
			path = Root;
			sourceTree = "<group>";
		};
		8B50C2CF2B191B1000E5AD98 /* Views */ = {
			isa = PBXGroup;
			children = (
				8B50C2D02B191B1E00E5AD98 /* LoginView.swift */,
				8B50C2D22B19201E00E5AD98 /* RegistrationView .swift */,
			);
			path = Views;
			sourceTree = "<group>";
		};
		8B50C2D42B1921E300E5AD98 /* ViewModifiers */ = {
			isa = PBXGroup;
			children = (
				8B50C2D52B19226700E5AD98 /* TextFieldsModifier.swift */,
			);
			path = ViewModifiers;
			sourceTree = "<group>";
		};
		8B50C2D72B19278800E5AD98 /* TabBar */ = {
			isa = PBXGroup;
			children = (
				8B50C2D82B1927B600E5AD98 /* NpuaTabView.swift */,
			);
			path = TabBar;
			sourceTree = "<group>";
		};
		8B50C2DA2B1A54D100E5AD98 /* Feed */ = {
			isa = PBXGroup;
			children = (
				8B50C2DB2B1A54D900E5AD98 /* View */,
			);
			path = Feed;
			sourceTree = "<group>";
		};
		8B50C2DB2B1A54D900E5AD98 /* View */ = {
			isa = PBXGroup;
			children = (
				8B50C2DC2B1A54E500E5AD98 /* FeedView.swift */,
				8B50C2EE2B1A58B500E5AD98 /* ThreadCell.swift */,
			);
			path = View;
			sourceTree = "<group>";
		};
		8B50C2DE2B1A551E00E5AD98 /* Explore */ = {
			isa = PBXGroup;
			children = (
				8B50C2DF2B1A553400E5AD98 /* View */,
			);
			path = Explore;
			sourceTree = "<group>";
		};
		8B50C2DF2B1A553400E5AD98 /* View */ = {
			isa = PBXGroup;
			children = (
				8B50C2E02B1A553B00E5AD98 /* ExploreView.swift */,
			);
			path = View;
			sourceTree = "<group>";
		};
		8B50C2E22B1A556F00E5AD98 /* ThreadCreation */ = {
			isa = PBXGroup;
			children = (
				8B50C2E32B1A557C00E5AD98 /* View */,
			);
			path = ThreadCreation;
			sourceTree = "<group>";
		};
		8B50C2E32B1A557C00E5AD98 /* View */ = {
			isa = PBXGroup;
			children = (
				8B50C2E42B1A55AD00E5AD98 /* CreateThreadView.swift */,
			);
			path = View;
			sourceTree = "<group>";
		};
		8B50C2E62B1A55E900E5AD98 /* Activity */ = {
			isa = PBXGroup;
			children = (
				8B50C2E72B1A55EE00E5AD98 /* View */,
			);
			path = Activity;
			sourceTree = "<group>";
		};
		8B50C2E72B1A55EE00E5AD98 /* View */ = {
			isa = PBXGroup;
			children = (
				8B50C2E82B1A55F300E5AD98 /* ActivityView.swift */,
			);
			path = View;
			sourceTree = "<group>";
		};
		8B50C2EA2B1A561200E5AD98 /* Profile */ = {
			isa = PBXGroup;
			children = (
				8B21AB8A2B27A250003E4671 /* ViewModel */,
				8B6F613C2B22657C00E7F268 /* EditProfile */,
				8BE5603F2B21114800B28B9A /* Model */,
				8B50C2EB2B1A561500E5AD98 /* View */,
			);
			path = Profile;
			sourceTree = "<group>";
		};
		8B50C2EB2B1A561500E5AD98 /* View */ = {
			isa = PBXGroup;
			children = (
				8B50C2EC2B1A561A00E5AD98 /* ProfileView.swift */,
			);
			path = View;
			sourceTree = "<group>";
		};
		8B6F613C2B22657C00E7F268 /* EditProfile */ = {
			isa = PBXGroup;
			children = (
				8B6F613D2B22658200E7F268 /* View */,
			);
			path = EditProfile;
			sourceTree = "<group>";
		};
		8B6F613D2B22658200E7F268 /* View */ = {
			isa = PBXGroup;
			children = (
				8B6F613E2B22658D00E7F268 /* EditProfileView.swift */,
			);
			path = View;
			sourceTree = "<group>";
		};
		8B6F61792B236AC500E7F268 /* ViewModel */ = {
			isa = PBXGroup;
			children = (
				8B21AB842B2797A7003E4671 /* LoginViewModel.swift */,
				8B6F617B2B236B2A00E7F268 /* RegistrationViewModel.swift */,
			);
			path = ViewModel;
			sourceTree = "<group>";
		};
		8B6F617A2B236AD200E7F268 /* Service */ = {
			isa = PBXGroup;
			children = (
				8B6F617D2B236D9800E7F268 /* AuthService.swift */,
			);
			path = Service;
			sourceTree = "<group>";
		};
		8BE5603A2B210C1F00B28B9A /* Components */ = {
			isa = PBXGroup;
			children = (
				8BE5603B2B210C4B00B28B9A /* CircularProfileImageView.swift */,
				8BE5603D2B210CE300B28B9A /* UserCell.swift */,
			);
			path = Components;
			sourceTree = "<group>";
		};
		8BE5603F2B21114800B28B9A /* Model */ = {
			isa = PBXGroup;
			children = (
				8BE560402B21116A00B28B9A /* ProfileThreadFilter.swift */,
			);
			path = Model;
			sourceTree = "<group>";
		};
/* End PBXGroup section */

/* Begin PBXNativeTarget section */
		8B50C2AE2B1919EC00E5AD98 /* NpuaTutorial */ = {
			isa = PBXNativeTarget;
			buildConfigurationList = 8B50C2BD2B1919ED00E5AD98 /* Build configuration list for PBXNativeTarget "NpuaTutorial" */;
			buildPhases = (
				8B50C2AB2B1919EC00E5AD98 /* Sources */,
				8B50C2AC2B1919EC00E5AD98 /* Frameworks */,
				8B50C2AD2B1919EC00E5AD98 /* Resources */,
			);
			buildRules = (
			);
			dependencies = (
			);
			name = NpuaTutorial;
			packageProductDependencies = (
				8B6F61432B226FE300E7F268 /* FirebaseAnalytics */,
				8B6F61452B226FE300E7F268 /* FirebaseAnalyticsOnDeviceConversion */,
				8B6F61472B226FE300E7F268 /* FirebaseAnalyticsSwift */,
				8B6F61492B226FE300E7F268 /* FirebaseAnalyticsWithoutAdIdSupport */,
				8B6F614B2B226FE300E7F268 /* FirebaseAppCheck */,
				8B6F614D2B226FE300E7F268 /* FirebaseAppDistribution-Beta */,
				8B6F614F2B226FE300E7F268 /* FirebaseAuth */,
				8B6F61512B226FE300E7F268 /* FirebaseAuthCombine-Community */,
				8B6F61532B226FE300E7F268 /* FirebaseCrashlytics */,
				8B6F61552B226FE300E7F268 /* FirebaseDatabase */,
				8B6F61572B226FE300E7F268 /* FirebaseDatabaseSwift */,
				8B6F61592B226FE300E7F268 /* FirebaseDynamicLinks */,
				8B6F615B2B226FE300E7F268 /* FirebaseFirestore */,
				8B6F615D2B226FE300E7F268 /* FirebaseFirestoreCombine-Community */,
				8B6F615F2B226FE300E7F268 /* FirebaseFirestoreSwift */,
				8B6F61612B226FE300E7F268 /* FirebaseFunctions */,
				8B6F61632B226FE300E7F268 /* FirebaseFunctionsCombine-Community */,
				8B6F61652B226FE300E7F268 /* FirebaseInAppMessaging-Beta */,
				8B6F61672B226FE300E7F268 /* FirebaseInAppMessagingSwift-Beta */,
				8B6F61692B226FE300E7F268 /* FirebaseInstallations */,
				8B6F616B2B226FE300E7F268 /* FirebaseMLModelDownloader */,
				8B6F616D2B226FE300E7F268 /* FirebaseMessaging */,
				8B6F616F2B226FE300E7F268 /* FirebasePerformance */,
				8B6F61712B226FE300E7F268 /* FirebaseRemoteConfig */,
				8B6F61732B226FE300E7F268 /* FirebaseRemoteConfigSwift */,
				8B6F61752B226FE300E7F268 /* FirebaseStorage */,
				8B6F61772B226FE300E7F268 /* FirebaseStorageCombine-Community */,
				8B6F617F2B23772200E7F268 /* FirebaseAnalytics */,
				8B6F61812B23772200E7F268 /* FirebaseAnalyticsOnDeviceConversion */,
				8B6F61832B23772200E7F268 /* FirebaseAnalyticsSwift */,
				8B6F61852B23772200E7F268 /* FirebaseAnalyticsWithoutAdIdSupport */,
				8B6F61872B23772200E7F268 /* FirebaseAppCheck */,
			);
			productName = NpuaTutorial;
			productReference = 8B50C2AF2B1919EC00E5AD98 /* NpuaTutorial.app */;
			productType = "com.apple.product-type.application";
		};
/* End PBXNativeTarget section */

/* Begin PBXProject section */
		8B50C2A72B1919EC00E5AD98 /* Project object */ = {
			isa = PBXProject;
			attributes = {
				BuildIndependentTargetsInParallel = 1;
				LastSwiftUpdateCheck = 1500;
				LastUpgradeCheck = 1500;
				TargetAttributes = {
					8B50C2AE2B1919EC00E5AD98 = {
						CreatedOnToolsVersion = 15.0.1;
					};
				};
			};
			buildConfigurationList = 8B50C2AA2B1919EC00E5AD98 /* Build configuration list for PBXProject "NpuaTutorial" */;
			compatibilityVersion = "Xcode 14.0";
			developmentRegion = en;
			hasScannedForEncodings = 0;
			knownRegions = (
				en,
				Base,
			);
			mainGroup = 8B50C2A62B1919EC00E5AD98;
			packageReferences = (
				8B6F61422B226FE300E7F268 /* XCRemoteSwiftPackageReference "firebase-ios-sdk" */,
			);
			productRefGroup = 8B50C2B02B1919EC00E5AD98 /* Products */;
			projectDirPath = "";
			projectRoot = "";
			targets = (
				8B50C2AE2B1919EC00E5AD98 /* NpuaTutorial */,
			);
		};
/* End PBXProject section */

/* Begin PBXResourcesBuildPhase section */
		8B50C2AD2B1919EC00E5AD98 /* Resources */ = {
			isa = PBXResourcesBuildPhase;
			buildActionMask = 2147483647;
			files = (
				8B50C2BA2B1919ED00E5AD98 /* Preview Assets.xcassets in Resources */,
				8B50C2B72B1919ED00E5AD98 /* Assets.xcassets in Resources */,
				8B6F61412B226F1200E7F268 /* GoogleService-Info.plist in Resources */,
			);
			runOnlyForDeploymentPostprocessing = 0;
		};
/* End PBXResourcesBuildPhase section */

/* Begin PBXSourcesBuildPhase section */
		8B50C2AB2B1919EC00E5AD98 /* Sources */ = {
			isa = PBXSourcesBuildPhase;
			buildActionMask = 2147483647;
			files = (
				8B6F613F2B22658D00E7F268 /* EditProfileView.swift in Sources */,
				8B6F617C2B236B2A00E7F268 /* RegistrationViewModel.swift in Sources */,
				8B50C2DD2B1A54E500E5AD98 /* FeedView.swift in Sources */,
				8B6F617E2B236D9800E7F268 /* AuthService.swift in Sources */,
				8B50C2D32B19201E00E5AD98 /* RegistrationView .swift in Sources */,
				8B50C2D62B19226700E5AD98 /* TextFieldsModifier.swift in Sources */,
				8B21AB892B27A13D003E4671 /* UserService.swift in Sources */,
				8B50C2EF2B1A58B500E5AD98 /* ThreadCell.swift in Sources */,
				8B50C2E92B1A55F300E5AD98 /* ActivityView.swift in Sources */,
				8B21AB852B2797A7003E4671 /* LoginViewModel.swift in Sources */,
				8BE5603C2B210C4B00B28B9A /* CircularProfileImageView.swift in Sources */,
				8BE5603E2B210CE300B28B9A /* UserCell.swift in Sources */,
				8B50C2E52B1A55AD00E5AD98 /* CreateThreadView.swift in Sources */,
				8BE560412B21116A00B28B9A /* ProfileThreadFilter.swift in Sources */,
				8B21AB822B27925B003E4671 /* ContentViewModel.swift in Sources */,
				8B21AB8C2B27A25C003E4671 /* ProfileViewModel.swift in Sources */,
				8B50C2D12B191B1E00E5AD98 /* LoginView.swift in Sources */,
				8B50C2B52B1919EC00E5AD98 /* ContentView.swift in Sources */,
				8B50C2D92B1927B600E5AD98 /* NpuaTabView.swift in Sources */,
				8B50C2E12B1A553B00E5AD98 /* ExploreView.swift in Sources */,
				8B50C2ED2B1A561A00E5AD98 /* ProfileView.swift in Sources */,
				8B50C2B32B1919EC00E5AD98 /* NpuaTutorialApp.swift in Sources */,
				8B21AB872B279E52003E4671 /* User.swift in Sources */,
			);
			runOnlyForDeploymentPostprocessing = 0;
		};
/* End PBXSourcesBuildPhase section */

/* Begin XCBuildConfiguration section */
		8B50C2BB2B1919ED00E5AD98 /* Debug */ = {
			isa = XCBuildConfiguration;
			buildSettings = {
				ALWAYS_SEARCH_USER_PATHS = NO;
				ASSETCATALOG_COMPILER_GENERATE_SWIFT_ASSET_SYMBOL_EXTENSIONS = YES;
				CLANG_ANALYZER_NONNULL = YES;
				CLANG_ANALYZER_NUMBER_OBJECT_CONVERSION = YES_AGGRESSIVE;
				CLANG_CXX_LANGUAGE_STANDARD = "gnu++20";
				CLANG_ENABLE_MODULES = YES;
				CLANG_ENABLE_OBJC_ARC = YES;
				CLANG_ENABLE_OBJC_WEAK = YES;
				CLANG_WARN_BLOCK_CAPTURE_AUTORELEASING = YES;
				CLANG_WARN_BOOL_CONVERSION = YES;
				CLANG_WARN_COMMA = YES;
				CLANG_WARN_CONSTANT_CONVERSION = YES;
				CLANG_WARN_DEPRECATED_OBJC_IMPLEMENTATIONS = YES;
				CLANG_WARN_DIRECT_OBJC_ISA_USAGE = YES_ERROR;
				CLANG_WARN_DOCUMENTATION_COMMENTS = YES;
				CLANG_WARN_EMPTY_BODY = YES;
				CLANG_WARN_ENUM_CONVERSION = YES;
				CLANG_WARN_INFINITE_RECURSION = YES;
				CLANG_WARN_INT_CONVERSION = YES;
				CLANG_WARN_NON_LITERAL_NULL_CONVERSION = YES;
				CLANG_WARN_OBJC_IMPLICIT_RETAIN_SELF = YES;
				CLANG_WARN_OBJC_LITERAL_CONVERSION = YES;
				CLANG_WARN_OBJC_ROOT_CLASS = YES_ERROR;
				CLANG_WARN_QUOTED_INCLUDE_IN_FRAMEWORK_HEADER = YES;
				CLANG_WARN_RANGE_LOOP_ANALYSIS = YES;
				CLANG_WARN_STRICT_PROTOTYPES = YES;
				CLANG_WARN_SUSPICIOUS_MOVE = YES;
				CLANG_WARN_UNGUARDED_AVAILABILITY = YES_AGGRESSIVE;
				CLANG_WARN_UNREACHABLE_CODE = YES;
				CLANG_WARN__DUPLICATE_METHOD_MATCH = YES;
				COPY_PHASE_STRIP = NO;
				DEBUG_INFORMATION_FORMAT = dwarf;
				ENABLE_STRICT_OBJC_MSGSEND = YES;
				ENABLE_TESTABILITY = YES;
				ENABLE_USER_SCRIPT_SANDBOXING = YES;
				GCC_C_LANGUAGE_STANDARD = gnu17;
				GCC_DYNAMIC_NO_PIC = NO;
				GCC_NO_COMMON_BLOCKS = YES;
				GCC_OPTIMIZATION_LEVEL = 0;
				GCC_PREPROCESSOR_DEFINITIONS = (
					"DEBUG=1",
					"$(inherited)",
				);
				GCC_WARN_64_TO_32_BIT_CONVERSION = YES;
				GCC_WARN_ABOUT_RETURN_TYPE = YES_ERROR;
				GCC_WARN_UNDECLARED_SELECTOR = YES;
				GCC_WARN_UNINITIALIZED_AUTOS = YES_AGGRESSIVE;
				GCC_WARN_UNUSED_FUNCTION = YES;
				GCC_WARN_UNUSED_VARIABLE = YES;
				IPHONEOS_DEPLOYMENT_TARGET = 17.0;
				LOCALIZATION_PREFERS_STRING_CATALOGS = YES;
				MTL_ENABLE_DEBUG_INFO = INCLUDE_SOURCE;
				MTL_FAST_MATH = YES;
				ONLY_ACTIVE_ARCH = YES;
				SDKROOT = iphoneos;
				SWIFT_ACTIVE_COMPILATION_CONDITIONS = "DEBUG $(inherited)";
				SWIFT_OPTIMIZATION_LEVEL = "-Onone";
			};
			name = Debug;
		};
		8B50C2BC2B1919ED00E5AD98 /* Release */ = {
			isa = XCBuildConfiguration;
			buildSettings = {
				ALWAYS_SEARCH_USER_PATHS = NO;
				ASSETCATALOG_COMPILER_GENERATE_SWIFT_ASSET_SYMBOL_EXTENSIONS = YES;
				CLANG_ANALYZER_NONNULL = YES;
				CLANG_ANALYZER_NUMBER_OBJECT_CONVERSION = YES_AGGRESSIVE;
				CLANG_CXX_LANGUAGE_STANDARD = "gnu++20";
				CLANG_ENABLE_MODULES = YES;
				CLANG_ENABLE_OBJC_ARC = YES;
				CLANG_ENABLE_OBJC_WEAK = YES;
				CLANG_WARN_BLOCK_CAPTURE_AUTORELEASING = YES;
				CLANG_WARN_BOOL_CONVERSION = YES;
				CLANG_WARN_COMMA = YES;
				CLANG_WARN_CONSTANT_CONVERSION = YES;
				CLANG_WARN_DEPRECATED_OBJC_IMPLEMENTATIONS = YES;
				CLANG_WARN_DIRECT_OBJC_ISA_USAGE = YES_ERROR;
				CLANG_WARN_DOCUMENTATION_COMMENTS = YES;
				CLANG_WARN_EMPTY_BODY = YES;
				CLANG_WARN_ENUM_CONVERSION = YES;
				CLANG_WARN_INFINITE_RECURSION = YES;
				CLANG_WARN_INT_CONVERSION = YES;
				CLANG_WARN_NON_LITERAL_NULL_CONVERSION = YES;
				CLANG_WARN_OBJC_IMPLICIT_RETAIN_SELF = YES;
				CLANG_WARN_OBJC_LITERAL_CONVERSION = YES;
				CLANG_WARN_OBJC_ROOT_CLASS = YES_ERROR;
				CLANG_WARN_QUOTED_INCLUDE_IN_FRAMEWORK_HEADER = YES;
				CLANG_WARN_RANGE_LOOP_ANALYSIS = YES;
				CLANG_WARN_STRICT_PROTOTYPES = YES;
				CLANG_WARN_SUSPICIOUS_MOVE = YES;
				CLANG_WARN_UNGUARDED_AVAILABILITY = YES_AGGRESSIVE;
				CLANG_WARN_UNREACHABLE_CODE = YES;
				CLANG_WARN__DUPLICATE_METHOD_MATCH = YES;
				COPY_PHASE_STRIP = NO;
				DEBUG_INFORMATION_FORMAT = "dwarf-with-dsym";
				ENABLE_NS_ASSERTIONS = NO;
				ENABLE_STRICT_OBJC_MSGSEND = YES;
				ENABLE_USER_SCRIPT_SANDBOXING = YES;
				GCC_C_LANGUAGE_STANDARD = gnu17;
				GCC_NO_COMMON_BLOCKS = YES;
				GCC_WARN_64_TO_32_BIT_CONVERSION = YES;
				GCC_WARN_ABOUT_RETURN_TYPE = YES_ERROR;
				GCC_WARN_UNDECLARED_SELECTOR = YES;
				GCC_WARN_UNINITIALIZED_AUTOS = YES_AGGRESSIVE;
				GCC_WARN_UNUSED_FUNCTION = YES;
				GCC_WARN_UNUSED_VARIABLE = YES;
				IPHONEOS_DEPLOYMENT_TARGET = 17.0;
				LOCALIZATION_PREFERS_STRING_CATALOGS = YES;
				MTL_ENABLE_DEBUG_INFO = NO;
				MTL_FAST_MATH = YES;
				SDKROOT = iphoneos;
				SWIFT_COMPILATION_MODE = wholemodule;
				VALIDATE_PRODUCT = YES;
			};
			name = Release;
		};
		8B50C2BE2B1919ED00E5AD98 /* Debug */ = {
			isa = XCBuildConfiguration;
			buildSettings = {
				ASSETCATALOG_COMPILER_APPICON_NAME = AppIcon;
				ASSETCATALOG_COMPILER_GLOBAL_ACCENT_COLOR_NAME = AccentColor;
				CODE_SIGN_STYLE = Automatic;
				CURRENT_PROJECT_VERSION = 1;
				DEVELOPMENT_ASSET_PATHS = "\"NpuaTutorial/Preview Content\"";
				DEVELOPMENT_TEAM = WS26NXG635;
				ENABLE_PREVIEWS = YES;
				GENERATE_INFOPLIST_FILE = YES;
				INFOPLIST_KEY_UIApplicationSceneManifest_Generation = YES;
				INFOPLIST_KEY_UIApplicationSupportsIndirectInputEvents = YES;
				INFOPLIST_KEY_UILaunchScreen_Generation = YES;
				INFOPLIST_KEY_UISupportedInterfaceOrientations_iPad = "UIInterfaceOrientationPortrait UIInterfaceOrientationPortraitUpsideDown UIInterfaceOrientationLandscapeLeft UIInterfaceOrientationLandscapeRight";
				INFOPLIST_KEY_UISupportedInterfaceOrientations_iPhone = "UIInterfaceOrientationPortrait UIInterfaceOrientationLandscapeLeft UIInterfaceOrientationLandscapeRight";
				LD_RUNPATH_SEARCH_PATHS = (
					"$(inherited)",
					"@executable_path/Frameworks",
				);
				MARKETING_VERSION = 1.0;
				PRODUCT_BUNDLE_IDENTIFIER = com.NpuaTutorial.NpuaTutorial;
				PRODUCT_NAME = "$(TARGET_NAME)";
				SWIFT_EMIT_LOC_STRINGS = YES;
				SWIFT_VERSION = 5.0;
				TARGETED_DEVICE_FAMILY = "1,2";
			};
			name = Debug;
		};
		8B50C2BF2B1919ED00E5AD98 /* Release */ = {
			isa = XCBuildConfiguration;
			buildSettings = {
				ASSETCATALOG_COMPILER_APPICON_NAME = AppIcon;
				ASSETCATALOG_COMPILER_GLOBAL_ACCENT_COLOR_NAME = AccentColor;
				CODE_SIGN_STYLE = Automatic;
				CURRENT_PROJECT_VERSION = 1;
				DEVELOPMENT_ASSET_PATHS = "\"NpuaTutorial/Preview Content\"";
				DEVELOPMENT_TEAM = WS26NXG635;
				ENABLE_PREVIEWS = YES;
				GENERATE_INFOPLIST_FILE = YES;
				INFOPLIST_KEY_UIApplicationSceneManifest_Generation = YES;
				INFOPLIST_KEY_UIApplicationSupportsIndirectInputEvents = YES;
				INFOPLIST_KEY_UILaunchScreen_Generation = YES;
				INFOPLIST_KEY_UISupportedInterfaceOrientations_iPad = "UIInterfaceOrientationPortrait UIInterfaceOrientationPortraitUpsideDown UIInterfaceOrientationLandscapeLeft UIInterfaceOrientationLandscapeRight";
				INFOPLIST_KEY_UISupportedInterfaceOrientations_iPhone = "UIInterfaceOrientationPortrait UIInterfaceOrientationLandscapeLeft UIInterfaceOrientationLandscapeRight";
				LD_RUNPATH_SEARCH_PATHS = (
					"$(inherited)",
					"@executable_path/Frameworks",
				);
				MARKETING_VERSION = 1.0;
				PRODUCT_BUNDLE_IDENTIFIER = com.NpuaTutorial.NpuaTutorial;
				PRODUCT_NAME = "$(TARGET_NAME)";
				SWIFT_EMIT_LOC_STRINGS = YES;
				SWIFT_VERSION = 5.0;
				TARGETED_DEVICE_FAMILY = "1,2";
			};
			name = Release;
		};
/* End XCBuildConfiguration section */

/* Begin XCConfigurationList section */
		8B50C2AA2B1919EC00E5AD98 /* Build configuration list for PBXProject "NpuaTutorial" */ = {
			isa = XCConfigurationList;
			buildConfigurations = (
				8B50C2BB2B1919ED00E5AD98 /* Debug */,
				8B50C2BC2B1919ED00E5AD98 /* Release */,
			);
			defaultConfigurationIsVisible = 0;
			defaultConfigurationName = Release;
		};
		8B50C2BD2B1919ED00E5AD98 /* Build configuration list for PBXNativeTarget "NpuaTutorial" */ = {
			isa = XCConfigurationList;
			buildConfigurations = (
				8B50C2BE2B1919ED00E5AD98 /* Debug */,
				8B50C2BF2B1919ED00E5AD98 /* Release */,
			);
			defaultConfigurationIsVisible = 0;
			defaultConfigurationName = Release;
		};
/* End XCConfigurationList section */

/* Begin XCRemoteSwiftPackageReference section */
		8B6F61422B226FE300E7F268 /* XCRemoteSwiftPackageReference "firebase-ios-sdk" */ = {
			isa = XCRemoteSwiftPackageReference;
			repositoryURL = "https://github.com/firebase/firebase-ios-sdk";
			requirement = {
				kind = upToNextMajorVersion;
				minimumVersion = 10.19.0;
			};
		};
/* End XCRemoteSwiftPackageReference section */

/* Begin XCSwiftPackageProductDependency section */
		8B6F61432B226FE300E7F268 /* FirebaseAnalytics */ = {
			isa = XCSwiftPackageProductDependency;
			package = 8B6F61422B226FE300E7F268 /* XCRemoteSwiftPackageReference "firebase-ios-sdk" */;
			productName = FirebaseAnalytics;
		};
		8B6F61452B226FE300E7F268 /* FirebaseAnalyticsOnDeviceConversion */ = {
			isa = XCSwiftPackageProductDependency;
			package = 8B6F61422B226FE300E7F268 /* XCRemoteSwiftPackageReference "firebase-ios-sdk" */;
			productName = FirebaseAnalyticsOnDeviceConversion;
		};
		8B6F61472B226FE300E7F268 /* FirebaseAnalyticsSwift */ = {
			isa = XCSwiftPackageProductDependency;
			package = 8B6F61422B226FE300E7F268 /* XCRemoteSwiftPackageReference "firebase-ios-sdk" */;
			productName = FirebaseAnalyticsSwift;
		};
		8B6F61492B226FE300E7F268 /* FirebaseAnalyticsWithoutAdIdSupport */ = {
			isa = XCSwiftPackageProductDependency;
			package = 8B6F61422B226FE300E7F268 /* XCRemoteSwiftPackageReference "firebase-ios-sdk" */;
			productName = FirebaseAnalyticsWithoutAdIdSupport;
		};
		8B6F614B2B226FE300E7F268 /* FirebaseAppCheck */ = {
			isa = XCSwiftPackageProductDependency;
			package = 8B6F61422B226FE300E7F268 /* XCRemoteSwiftPackageReference "firebase-ios-sdk" */;
			productName = FirebaseAppCheck;
		};
		8B6F614D2B226FE300E7F268 /* FirebaseAppDistribution-Beta */ = {
			isa = XCSwiftPackageProductDependency;
			package = 8B6F61422B226FE300E7F268 /* XCRemoteSwiftPackageReference "firebase-ios-sdk" */;
			productName = "FirebaseAppDistribution-Beta";
		};
		8B6F614F2B226FE300E7F268 /* FirebaseAuth */ = {
			isa = XCSwiftPackageProductDependency;
			package = 8B6F61422B226FE300E7F268 /* XCRemoteSwiftPackageReference "firebase-ios-sdk" */;
			productName = FirebaseAuth;
		};
		8B6F61512B226FE300E7F268 /* FirebaseAuthCombine-Community */ = {
			isa = XCSwiftPackageProductDependency;
			package = 8B6F61422B226FE300E7F268 /* XCRemoteSwiftPackageReference "firebase-ios-sdk" */;
			productName = "FirebaseAuthCombine-Community";
		};
		8B6F61532B226FE300E7F268 /* FirebaseCrashlytics */ = {
			isa = XCSwiftPackageProductDependency;
			package = 8B6F61422B226FE300E7F268 /* XCRemoteSwiftPackageReference "firebase-ios-sdk" */;
			productName = FirebaseCrashlytics;
		};
		8B6F61552B226FE300E7F268 /* FirebaseDatabase */ = {
			isa = XCSwiftPackageProductDependency;
			package = 8B6F61422B226FE300E7F268 /* XCRemoteSwiftPackageReference "firebase-ios-sdk" */;
			productName = FirebaseDatabase;
		};
		8B6F61572B226FE300E7F268 /* FirebaseDatabaseSwift */ = {
			isa = XCSwiftPackageProductDependency;
			package = 8B6F61422B226FE300E7F268 /* XCRemoteSwiftPackageReference "firebase-ios-sdk" */;
			productName = FirebaseDatabaseSwift;
		};
		8B6F61592B226FE300E7F268 /* FirebaseDynamicLinks */ = {
			isa = XCSwiftPackageProductDependency;
			package = 8B6F61422B226FE300E7F268 /* XCRemoteSwiftPackageReference "firebase-ios-sdk" */;
			productName = FirebaseDynamicLinks;
		};
		8B6F615B2B226FE300E7F268 /* FirebaseFirestore */ = {
			isa = XCSwiftPackageProductDependency;
			package = 8B6F61422B226FE300E7F268 /* XCRemoteSwiftPackageReference "firebase-ios-sdk" */;
			productName = FirebaseFirestore;
		};
		8B6F615D2B226FE300E7F268 /* FirebaseFirestoreCombine-Community */ = {
			isa = XCSwiftPackageProductDependency;
			package = 8B6F61422B226FE300E7F268 /* XCRemoteSwiftPackageReference "firebase-ios-sdk" */;
			productName = "FirebaseFirestoreCombine-Community";
		};
		8B6F615F2B226FE300E7F268 /* FirebaseFirestoreSwift */ = {
			isa = XCSwiftPackageProductDependency;
			package = 8B6F61422B226FE300E7F268 /* XCRemoteSwiftPackageReference "firebase-ios-sdk" */;
			productName = FirebaseFirestoreSwift;
		};
		8B6F61612B226FE300E7F268 /* FirebaseFunctions */ = {
			isa = XCSwiftPackageProductDependency;
			package = 8B6F61422B226FE300E7F268 /* XCRemoteSwiftPackageReference "firebase-ios-sdk" */;
			productName = FirebaseFunctions;
		};
		8B6F61632B226FE300E7F268 /* FirebaseFunctionsCombine-Community */ = {
			isa = XCSwiftPackageProductDependency;
			package = 8B6F61422B226FE300E7F268 /* XCRemoteSwiftPackageReference "firebase-ios-sdk" */;
			productName = "FirebaseFunctionsCombine-Community";
		};
		8B6F61652B226FE300E7F268 /* FirebaseInAppMessaging-Beta */ = {
			isa = XCSwiftPackageProductDependency;
			package = 8B6F61422B226FE300E7F268 /* XCRemoteSwiftPackageReference "firebase-ios-sdk" */;
			productName = "FirebaseInAppMessaging-Beta";
		};
		8B6F61672B226FE300E7F268 /* FirebaseInAppMessagingSwift-Beta */ = {
			isa = XCSwiftPackageProductDependency;
			package = 8B6F61422B226FE300E7F268 /* XCRemoteSwiftPackageReference "firebase-ios-sdk" */;
			productName = "FirebaseInAppMessagingSwift-Beta";
		};
		8B6F61692B226FE300E7F268 /* FirebaseInstallations */ = {
			isa = XCSwiftPackageProductDependency;
			package = 8B6F61422B226FE300E7F268 /* XCRemoteSwiftPackageReference "firebase-ios-sdk" */;
			productName = FirebaseInstallations;
		};
		8B6F616B2B226FE300E7F268 /* FirebaseMLModelDownloader */ = {
			isa = XCSwiftPackageProductDependency;
			package = 8B6F61422B226FE300E7F268 /* XCRemoteSwiftPackageReference "firebase-ios-sdk" */;
			productName = FirebaseMLModelDownloader;
		};
		8B6F616D2B226FE300E7F268 /* FirebaseMessaging */ = {
			isa = XCSwiftPackageProductDependency;
			package = 8B6F61422B226FE300E7F268 /* XCRemoteSwiftPackageReference "firebase-ios-sdk" */;
			productName = FirebaseMessaging;
		};
		8B6F616F2B226FE300E7F268 /* FirebasePerformance */ = {
			isa = XCSwiftPackageProductDependency;
			package = 8B6F61422B226FE300E7F268 /* XCRemoteSwiftPackageReference "firebase-ios-sdk" */;
			productName = FirebasePerformance;
		};
		8B6F61712B226FE300E7F268 /* FirebaseRemoteConfig */ = {
			isa = XCSwiftPackageProductDependency;
			package = 8B6F61422B226FE300E7F268 /* XCRemoteSwiftPackageReference "firebase-ios-sdk" */;
			productName = FirebaseRemoteConfig;
		};
		8B6F61732B226FE300E7F268 /* FirebaseRemoteConfigSwift */ = {
			isa = XCSwiftPackageProductDependency;
			package = 8B6F61422B226FE300E7F268 /* XCRemoteSwiftPackageReference "firebase-ios-sdk" */;
			productName = FirebaseRemoteConfigSwift;
		};
		8B6F61752B226FE300E7F268 /* FirebaseStorage */ = {
			isa = XCSwiftPackageProductDependency;
			package = 8B6F61422B226FE300E7F268 /* XCRemoteSwiftPackageReference "firebase-ios-sdk" */;
			productName = FirebaseStorage;
		};
		8B6F61772B226FE300E7F268 /* FirebaseStorageCombine-Community */ = {
			isa = XCSwiftPackageProductDependency;
			package = 8B6F61422B226FE300E7F268 /* XCRemoteSwiftPackageReference "firebase-ios-sdk" */;
			productName = "FirebaseStorageCombine-Community";
		};
		8B6F617F2B23772200E7F268 /* FirebaseAnalytics */ = {
			isa = XCSwiftPackageProductDependency;
			package = 8B6F61422B226FE300E7F268 /* XCRemoteSwiftPackageReference "firebase-ios-sdk" */;
			productName = FirebaseAnalytics;
		};
		8B6F61812B23772200E7F268 /* FirebaseAnalyticsOnDeviceConversion */ = {
			isa = XCSwiftPackageProductDependency;
			package = 8B6F61422B226FE300E7F268 /* XCRemoteSwiftPackageReference "firebase-ios-sdk" */;
			productName = FirebaseAnalyticsOnDeviceConversion;
		};
		8B6F61832B23772200E7F268 /* FirebaseAnalyticsSwift */ = {
			isa = XCSwiftPackageProductDependency;
			package = 8B6F61422B226FE300E7F268 /* XCRemoteSwiftPackageReference "firebase-ios-sdk" */;
			productName = FirebaseAnalyticsSwift;
		};
		8B6F61852B23772200E7F268 /* FirebaseAnalyticsWithoutAdIdSupport */ = {
			isa = XCSwiftPackageProductDependency;
			package = 8B6F61422B226FE300E7F268 /* XCRemoteSwiftPackageReference "firebase-ios-sdk" */;
			productName = FirebaseAnalyticsWithoutAdIdSupport;
		};
		8B6F61872B23772200E7F268 /* FirebaseAppCheck */ = {
			isa = XCSwiftPackageProductDependency;
			package = 8B6F61422B226FE300E7F268 /* XCRemoteSwiftPackageReference "firebase-ios-sdk" */;
			productName = FirebaseAppCheck;
		};
/* End XCSwiftPackageProductDependency section */
	};
	rootObject = 8B50C2A72B1919EC00E5AD98 /* Project object */;
}
